
Microsoft Visual Studio Solution File, Format Version 12.00
# Visual Studio Version 17
VisualStudioVersion = 17.3.32901.215
MinimumVisualStudioVersion = 10.0.40219.1
Project("{9A19103F-16F7-4668-BE54-9A1E7A4F7556}") = "TestWebAPI", "TestWebAPI\TestWebAPI.csproj", "{DA376847-FB5A-4AE9-9E53-181785D4E094}"
EndProject
Project("{9A19103F-16F7-4668-BE54-9A1E7A4F7556}") = "TestWebAPI.Model", "TestWebAPIModels\TestWebAPI.Model.csproj", "{EC9339A6-170B-472F-ACD3-73A1ABAB52A7}"
EndProject
Project("{9A19103F-16F7-4668-BE54-9A1E7A4F7556}") = "TestWebAPI.DL", "TestWebAPI.DL\TestWebAPI.DL.csproj", "{0BF976EB-AB47-4BF8-BE11-E65703D2E44E}"
EndProject
Global
	GlobalSection(SolutionConfigurationPlatforms) = preSolution
		Debug|Any CPU = Debug|Any CPU
		Release|Any CPU = Release|Any CPU
	EndGlobalSection
	GlobalSection(ProjectConfigurationPlatforms) = postSolution
		{DA376847-FB5A-4AE9-9E53-181785D4E094}.Debug|Any CPU.ActiveCfg = Debug|Any CPU
		{DA376847-FB5A-4AE9-9E53-181785D4E094}.Debug|Any CPU.Build.0 = Debug|Any CPU
		{DA376847-FB5A-4AE9-9E53-181785D4E094}.Release|Any CPU.ActiveCfg = Release|Any CPU
		{DA376847-FB5A-4AE9-9E53-181785D4E094}.Release|Any CPU.Build.0 = Release|Any CPU
		{EC9339A6-170B-472F-ACD3-73A1ABAB52A7}.Debug|Any CPU.ActiveCfg = Debug|Any CPU
		{EC9339A6-170B-472F-ACD3-73A1ABAB52A7}.Debug|Any CPU.Build.0 = Debug|Any CPU
		{EC9339A6-170B-472F-ACD3-73A1ABAB52A7}.Release|Any CPU.ActiveCfg = Release|Any CPU
		{EC9339A6-170B-472F-ACD3-73A1ABAB52A7}.Release|Any CPU.Build.0 = Release|Any CPU
		{0BF976EB-AB47-4BF8-BE11-E65703D2E44E}.Debug|Any CPU.ActiveCfg = Debug|Any CPU
		{0BF976EB-AB47-4BF8-BE11-E65703D2E44E}.Debug|Any CPU.Build.0 = Debug|Any CPU
		{0BF976EB-AB47-4BF8-BE11-E65703D2E44E}.Release|Any CPU.ActiveCfg = Release|Any CPU
		{0BF976EB-AB47-4BF8-BE11-E65703D2E44E}.Release|Any CPU.Build.0 = Release|Any CPU
	EndGlobalSection
	GlobalSection(SolutionProperties) = preSolution
		HideSolutionNode = FALSE
	EndGlobalSection
	GlobalSection(ExtensibilityGlobals) = postSolution
		SolutionGuid = {4887378D-AFAC-4057-80D0-135B77B84DD1}
	EndGlobalSection
EndGlobal
